
Microsoft Visual Studio Solution File, Format Version 12.00
# Visual Studio 15
VisualStudioVersion = 15.0.28307.572
MinimumVisualStudioVersion = 10.0.40219.1
Project("{FAE04EC0-301F-11D3-BF4B-00C04F79EFBC}") = "RimeLibLite", "RimeLibLite\RimeLibLite.csproj", "{8C508EE5-C3B7-41BD-B6F1-1F731950F130}"
EndProject
Project("{FAE04EC0-301F-11D3-BF4B-00C04F79EFBC}") = "RimeLibLiteTests", "RimeLibLiteTests\RimeLibLiteTests.csproj", "{89009242-8C9F-41B9-8E26-29B7BB702E43}"
EndProject
Project("{FAE04EC0-301F-11D3-BF4B-00C04F79EFBC}") = "RimeLib.Texture", "RimeLib.Texture\RimeLib.Texture.csproj", "{5CEB7783-5DED-4515-B1E3-CA076F70D9C7}"
EndProject
Project("{FAE04EC0-301F-11D3-BF4B-00C04F79EFBC}") = "RimeLib.Mesh", "RimeLib.Mesh\RimeLib.Mesh.csproj", "{D17B9F4C-3664-4947-808A-0E57AC5A9339}"
EndProject
Project("{FAE04EC0-301F-11D3-BF4B-00C04F79EFBC}") = "RimeLib.Terrain", "RimeLib.Terrain\RimeLib.Terrain.csproj", "{4D596497-B3A1-4143-BE4B-D3D9DE3AF340}"
EndProject
Project("{FAE04EC0-301F-11D3-BF4B-00C04F79EFBC}") = "RimeLib.Audio", "RimeLib.Audio\RimeLib.Audio.csproj", "{073FD311-02CA-4F15-BE36-20682C2C818E}"
EndProject
Project("{FAE04EC0-301F-11D3-BF4B-00C04F79EFBC}") = "RimeLib.Shader", "RimeLib.Shader\RimeLib.Shader.csproj", "{A06C7A0E-7306-4A88-9AC9-D14BF39C6BA5}"
EndProject
Project("{FAE04EC0-301F-11D3-BF4B-00C04F79EFBC}") = "RimeLib.Content", "RimeLib.Content\RimeLib.Content.csproj", "{F77060AC-0B35-4126-AF64-602C572E375E}"
EndProject
Project("{FAE04EC0-301F-11D3-BF4B-00C04F79EFBC}") = "RimeLib.Serialization", "RimeLib.Serialization\RimeLib.Serialization.csproj", "{03D9E45E-622D-4B89-9C3C-7FBE41199779}"
EndProject
Global
	GlobalSection(SolutionConfigurationPlatforms) = preSolution
		Debug|Any CPU = Debug|Any CPU
		Release|Any CPU = Release|Any CPU
	EndGlobalSection
	GlobalSection(ProjectConfigurationPlatforms) = postSolution
		{8C508EE5-C3B7-41BD-B6F1-1F731950F130}.Debug|Any CPU.ActiveCfg = Debug|Any CPU
		{8C508EE5-C3B7-41BD-B6F1-1F731950F130}.Debug|Any CPU.Build.0 = Debug|Any CPU
		{8C508EE5-C3B7-41BD-B6F1-1F731950F130}.Release|Any CPU.ActiveCfg = Release|Any CPU
		{8C508EE5-C3B7-41BD-B6F1-1F731950F130}.Release|Any CPU.Build.0 = Release|Any CPU
		{89009242-8C9F-41B9-8E26-29B7BB702E43}.Debug|Any CPU.ActiveCfg = Debug|Any CPU
		{89009242-8C9F-41B9-8E26-29B7BB702E43}.Debug|Any CPU.Build.0 = Debug|Any CPU
		{89009242-8C9F-41B9-8E26-29B7BB702E43}.Release|Any CPU.ActiveCfg = Release|Any CPU
		{89009242-8C9F-41B9-8E26-29B7BB702E43}.Release|Any CPU.Build.0 = Release|Any CPU
		{5CEB7783-5DED-4515-B1E3-CA076F70D9C7}.Debug|Any CPU.ActiveCfg = Debug|Any CPU
		{5CEB7783-5DED-4515-B1E3-CA076F70D9C7}.Debug|Any CPU.Build.0 = Debug|Any CPU
		{5CEB7783-5DED-4515-B1E3-CA076F70D9C7}.Release|Any CPU.ActiveCfg = Release|Any CPU
		{5CEB7783-5DED-4515-B1E3-CA076F70D9C7}.Release|Any CPU.Build.0 = Release|Any CPU
		{D17B9F4C-3664-4947-808A-0E57AC5A9339}.Debug|Any CPU.ActiveCfg = Debug|Any CPU
		{D17B9F4C-3664-4947-808A-0E57AC5A9339}.Debug|Any CPU.Build.0 = Debug|Any CPU
		{D17B9F4C-3664-4947-808A-0E57AC5A9339}.Release|Any CPU.ActiveCfg = Release|Any CPU
		{D17B9F4C-3664-4947-808A-0E57AC5A9339}.Release|Any CPU.Build.0 = Release|Any CPU
		{4D596497-B3A1-4143-BE4B-D3D9DE3AF340}.Debug|Any CPU.ActiveCfg = Debug|Any CPU
		{4D596497-B3A1-4143-BE4B-D3D9DE3AF340}.Debug|Any CPU.Build.0 = Debug|Any CPU
		{4D596497-B3A1-4143-BE4B-D3D9DE3AF340}.Release|Any CPU.ActiveCfg = Release|Any CPU
		{4D596497-B3A1-4143-BE4B-D3D9DE3AF340}.Release|Any CPU.Build.0 = Release|Any CPU
		{073FD311-02CA-4F15-BE36-20682C2C818E}.Debug|Any CPU.ActiveCfg = Debug|Any CPU
		{073FD311-02CA-4F15-BE36-20682C2C818E}.Debug|Any CPU.Build.0 = Debug|Any CPU
		{073FD311-02CA-4F15-BE36-20682C2C818E}.Release|Any CPU.ActiveCfg = Release|Any CPU
		{073FD311-02CA-4F15-BE36-20682C2C818E}.Release|Any CPU.Build.0 = Release|Any CPU
		{A06C7A0E-7306-4A88-9AC9-D14BF39C6BA5}.Debug|Any CPU.ActiveCfg = Debug|Any CPU
		{A06C7A0E-7306-4A88-9AC9-D14BF39C6BA5}.Debug|Any CPU.Build.0 = Debug|Any CPU
		{A06C7A0E-7306-4A88-9AC9-D14BF39C6BA5}.Release|Any CPU.ActiveCfg = Release|Any CPU
		{A06C7A0E-7306-4A88-9AC9-D14BF39C6BA5}.Release|Any CPU.Build.0 = Release|Any CPU
		{F77060AC-0B35-4126-AF64-602C572E375E}.Debug|Any CPU.ActiveCfg = Debug|Any CPU
		{F77060AC-0B35-4126-AF64-602C572E375E}.Debug|Any CPU.Build.0 = Debug|Any CPU
		{F77060AC-0B35-4126-AF64-602C572E375E}.Release|Any CPU.ActiveCfg = Release|Any CPU
		{F77060AC-0B35-4126-AF64-602C572E375E}.Release|Any CPU.Build.0 = Release|Any CPU
		{03D9E45E-622D-4B89-9C3C-7FBE41199779}.Debug|Any CPU.ActiveCfg = Debug|Any CPU
		{03D9E45E-622D-4B89-9C3C-7FBE41199779}.Debug|Any CPU.Build.0 = Debug|Any CPU
		{03D9E45E-622D-4B89-9C3C-7FBE41199779}.Release|Any CPU.ActiveCfg = Release|Any CPU
		{03D9E45E-622D-4B89-9C3C-7FBE41199779}.Release|Any CPU.Build.0 = Release|Any CPU
	EndGlobalSection
	GlobalSection(SolutionProperties) = preSolution
		HideSolutionNode = FALSE
	EndGlobalSection
	GlobalSection(ExtensibilityGlobals) = postSolution
		SolutionGuid = {9D2A4DE6-648D-4971-AC81-A89F21154CD0}
	EndGlobalSection
EndGlobal
