
Microsoft Visual Studio Solution File, Format Version 12.00
# Visual Studio Version 17
VisualStudioVersion = 17.0.31903.59
MinimumVisualStudioVersion = 10.0.40219.1
Project("{9A19103F-16F7-4668-BE54-9A1E7A4F7556}") = "RimeLibLite", "RimeLibLite\RimeLibLite.csproj", "{8C508EE5-C3B7-41BD-B6F1-1F731950F130}"
EndProject
Project("{9A19103F-16F7-4668-BE54-9A1E7A4F7556}") = "RimeLib.Texture", "RimeLib.Texture\RimeLib.Texture.csproj", "{5CEB7783-5DED-4515-B1E3-CA076F70D9C7}"
EndProject
Project("{9A19103F-16F7-4668-BE54-9A1E7A4F7556}") = "RimeLib.Mesh", "RimeLib.Mesh\RimeLib.Mesh.csproj", "{D17B9F4C-3664-4947-808A-0E57AC5A9339}"
EndProject
Project("{9A19103F-16F7-4668-BE54-9A1E7A4F7556}") = "RimeLib.Terrain", "RimeLib.Terrain\RimeLib.Terrain.csproj", "{4D596497-B3A1-4143-BE4B-D3D9DE3AF340}"
EndProject
Project("{9A19103F-16F7-4668-BE54-9A1E7A4F7556}") = "RimeLib.Audio", "RimeLib.Audio\RimeLib.Audio.csproj", "{073FD311-02CA-4F15-BE36-20682C2C818E}"
EndProject
Project("{9A19103F-16F7-4668-BE54-9A1E7A4F7556}") = "RimeLib.Shader", "RimeLib.Shader\RimeLib.Shader.csproj", "{A06C7A0E-7306-4A88-9AC9-D14BF39C6BA5}"
EndProject
Project("{9A19103F-16F7-4668-BE54-9A1E7A4F7556}") = "RimeLib.Content", "RimeLib.Content\RimeLib.Content.csproj", "{F77060AC-0B35-4126-AF64-602C572E375E}"
EndProject
Project("{9A19103F-16F7-4668-BE54-9A1E7A4F7556}") = "RimeLib.Serialization", "RimeLib.Serialization\RimeLib.Serialization.csproj", "{03D9E45E-622D-4B89-9C3C-7FBE41199779}"
EndProject
Project("{9A19103F-16F7-4668-BE54-9A1E7A4F7556}") = "RimeLib.Tests", "RimeLib.Tests\RimeLib.Tests.csproj", "{52F62CE8-2F07-4482-A89E-22957CE4D94E}"
EndProject
Project("{2150E333-8FDC-42A3-9474-1A3956D46DE8}") = "Utils", "Utils", "{42E38905-976C-4506-98AE-DC35CA1A9925}"
EndProject
Project("{9A19103F-16F7-4668-BE54-9A1E7A4F7556}") = "ContentExtractor", "Utils\ContentExtractor\ContentExtractor.csproj", "{5686AEEE-E8E7-4AC8-8B86-80485F90D69A}"
EndProject
Project("{9A19103F-16F7-4668-BE54-9A1E7A4F7556}") = "RimeLib.Content.Frostbite2_0", "RimeLib.Content.Frostbite2_0\RimeLib.Content.Frostbite2_0.csproj", "{C915B4F0-D809-4C29-B115-D519EA1F60BC}"
EndProject
Project("{9A19103F-16F7-4668-BE54-9A1E7A4F7556}") = "ContentLister", "Utils\ContentLister\ContentLister.csproj", "{0FA1472E-B14C-4675-B770-F386F952E746}"
EndProject
Project("{9A19103F-16F7-4668-BE54-9A1E7A4F7556}") = "TextureExtractor", "Utils\TextureExtractor\TextureExtractor.csproj", "{E986DA08-C00F-4C67-9F7A-CBAC0812C6D0}"
EndProject
Project("{9A19103F-16F7-4668-BE54-9A1E7A4F7556}") = "RimeLib.Texture.Frostbite2_0", "RimeLib.Texture.Frostbite2_0\RimeLib.Texture.Frostbite2_0.csproj", "{4C2C1C61-6FD4-47A4-8C2D-D934FF3122F3}"
EndProject
Project("{9A19103F-16F7-4668-BE54-9A1E7A4F7556}") = "RimeREPL", "Utils\RimeREPL\RimeREPL.csproj", "{425A4256-28A7-4A4D-A536-09A7FDEBB73D}"
EndProject
Project("{9A19103F-16F7-4668-BE54-9A1E7A4F7556}") = "RimeLib.Cmd", "RimeLib.Cmd\RimeLib.Cmd.csproj", "{DF1C5A8D-CC8E-4202-B730-90A5EA0C5D64}"
EndProject
Project("{9A19103F-16F7-4668-BE54-9A1E7A4F7556}") = "RimeLib.Cmd.Tests", "RimeLib.Cmd.Tests\RimeLib.Cmd.Tests.csproj", "{2DEA01DE-F865-4151-B4BF-1197F14F48C5}"
EndProject
Project("{9A19103F-16F7-4668-BE54-9A1E7A4F7556}") = "MeshExtractor", "Utils\MeshExtractor\MeshExtractor.csproj", "{7ECC05E2-9F9C-44A2-8648-5306FA72670D}"
EndProject
Project("{9A19103F-16F7-4668-BE54-9A1E7A4F7556}") = "RimeLib.Mesh.Frostbite2_0", "RimeLib.Mesh.Frostbite2_0\RimeLib.Mesh.Frostbite2_0.csproj", "{17A0AD07-E18D-4CD2-97B9-4A77E1958BEF}"
EndProject
Project("{9A19103F-16F7-4668-BE54-9A1E7A4F7556}") = "AudioExtractor", "Utils\AudioExtractor\AudioExtractor.csproj", "{6C00EAF2-CD94-40B2-B60E-B2E921C36F16}"
EndProject
Project("{9A19103F-16F7-4668-BE54-9A1E7A4F7556}") = "MeshExtractorObj", "Utils\MeshExtractorObj\MeshExtractorObj.csproj", "{2F3DB5DC-0F2D-4729-AB49-805CA1612B75}"
EndProject
Project("{9A19103F-16F7-4668-BE54-9A1E7A4F7556}") = "RimeLib.Serialization.Frostbite2_0", "RimeLib.Serialization.Frostbite2_0\RimeLib.Serialization.Frostbite2_0.csproj", "{185B27FF-F9A8-4882-A984-08CC4397E60A}"
EndProject
Project("{9A19103F-16F7-4668-BE54-9A1E7A4F7556}") = "FBCCompiler", "Utils\FBCCompiler\FBCCompiler.csproj", "{BF6CA921-D80D-4A1E-B1E8-1C88ACA073B0}"
EndProject
Project("{9A19103F-16F7-4668-BE54-9A1E7A4F7556}") = "RimeLib.Shader.Frostbite2_0", "RimeLib.Shader.Frostbite2_0\RimeLib.Shader.Frostbite2_0.csproj", "{47AAF1D6-E1D2-4924-8E61-956E9F60751D}"
EndProject
Project("{9A19103F-16F7-4668-BE54-9A1E7A4F7556}") = "ShaderInfo", "Utils\ShaderInfo\ShaderInfo.csproj", "{2853FEF7-3B3A-4581-8F0A-32F8A854097A}"
EndProject
Project("{9A19103F-16F7-4668-BE54-9A1E7A4F7556}") = "RimeLib.Terrain.Frostbite3", "RimeLib.Terrain.Frostbite3\RimeLib.Terrain.Frostbite3.csproj", "{8C398ED5-0C36-483D-951A-025A32D81437}"
	ProjectSection(ProjectDependencies) = postProject
		{4D596497-B3A1-4143-BE4B-D3D9DE3AF340} = {4D596497-B3A1-4143-BE4B-D3D9DE3AF340}
	EndProjectSection
EndProject
Project("{9A19103F-16F7-4668-BE54-9A1E7A4F7556}") = "RimeLib.Terrain.Frostbite2_0", "RimeLib.Terrain.Frostbite2_0\RimeLib.Terrain.Frostbite2_0.csproj", "{A0B4C70A-C749-4FF4-BC90-381820A80685}"
	ProjectSection(ProjectDependencies) = postProject
		{4D596497-B3A1-4143-BE4B-D3D9DE3AF340} = {4D596497-B3A1-4143-BE4B-D3D9DE3AF340}
	EndProjectSection
EndProject
Project("{9A19103F-16F7-4668-BE54-9A1E7A4F7556}") = "RimeLib.CodeGen", "RimeLib.CodeGen\RimeLib.CodeGen.csproj", "{D8E0673D-5AC8-406E-8540-1C4AD08F8E5A}"
EndProject
Project("{9A19103F-16F7-4668-BE54-9A1E7A4F7556}") = "TextureBuilder", "Utils\TextureBuilder\TextureBuilder.csproj", "{ABE866C9-682D-4A14-B800-24EA33B33AC1}"
EndProject
Project("{2150E333-8FDC-42A3-9474-1A3956D46DE8}") = "External", "External", "{3F11DB22-14A7-40F2-9570-72D540C671C7}"
EndProject
Project("{9A19103F-16F7-4668-BE54-9A1E7A4F7556}") = "Rime", "Rime\Rime.csproj", "{CFE9A65F-DF7C-4E2C-978A-2B685ADFD304}"
EndProject
Project("{2150E333-8FDC-42A3-9474-1A3956D46DE8}") = "GameTools.Net", "GameTools.Net", "{1619AE0A-B038-4E4C-B486-C092697CD870}"
EndProject
Project("{9A19103F-16F7-4668-BE54-9A1E7A4F7556}") = "GameToolsDotNet", "External\GameTools.Net\GameToolsDotNet\GameToolsDotNet.csproj", "{004E5A54-FD9E-4CE8-9D84-D05AD0876BBE}"
EndProject
Project("{9A19103F-16F7-4668-BE54-9A1E7A4F7556}") = "GameToolsDotNet.IO", "External\GameTools.Net\GameToolsDotNet.IO\GameToolsDotNet.IO.csproj", "{72AD08F6-5429-463A-9EF9-53912469BDBE}"
EndProject
Project("{9A19103F-16F7-4668-BE54-9A1E7A4F7556}") = "GameToolsDotNet.Bitmaps", "External\GameTools.Net\GameToolsDotNet.Bitmaps\GameToolsDotNet.Bitmaps.csproj", "{9AE9BBB1-7806-4B91-AE85-4EA1FF14AFF3}"
EndProject
Project("{9A19103F-16F7-4668-BE54-9A1E7A4F7556}") = "RimeLib.Havok", "RimeLib.Havok\RimeLib.Havok.csproj", "{FD5BE3AE-2E18-4522-8CAF-2916CBF217F3}"
EndProject
Project("{9A19103F-16F7-4668-BE54-9A1E7A4F7556}") = "RimeLib.Havok.Frostbite2_0", "RimeLib.Havok.Frostbite2_0\RimeLib.Havok.Frostbite2_0.csproj", "{FC370BDF-3E2D-4421-B8B6-185062AD2B50}"
EndProject
Project("{9A19103F-16F7-4668-BE54-9A1E7A4F7556}") = "HavokTool", "Utils\HavokTool\HavokTool.csproj", "{F474AA17-2758-41BE-8AC1-90F3ED2880AC}"
EndProject
Project("{9A19103F-16F7-4668-BE54-9A1E7A4F7556}") = "RimeLib.Animation", "RimeLib.Animation\RimeLib.Animation.csproj", "{77A9BD12-4F63-452F-B5C5-550CD9E127E2}"
EndProject
Project("{9A19103F-16F7-4668-BE54-9A1E7A4F7556}") = "RimeLib.Animation.Frostbite2_0", "RimeLib.Animation.Frostbite2_0\RimeLib.Animation.Frostbite2_0.csproj", "{7F6354E3-B6B1-4689-A0AB-727C3E4F68FE}"
EndProject
Project("{9A19103F-16F7-4668-BE54-9A1E7A4F7556}") = "RimeLib.Enlighten", "RimeLib.Enlighten\RimeLib.Enlighten.csproj", "{C262DE1D-DA32-4FD4-B032-EEE76A6625C0}"
EndProject
Project("{9A19103F-16F7-4668-BE54-9A1E7A4F7556}") = "RimeLib.Enlighten.Frostbite2_0", "RimeLib.Enlighten.Frostbite2_0\RimeLib.Enlighten.Frostbite2_0.csproj", "{1C204D03-F248-42F5-B01E-F8B649549870}"
EndProject
Project("{9A19103F-16F7-4668-BE54-9A1E7A4F7556}") = "VisualTerrainInfo", "Utils\VisualTerrainInfo\VisualTerrainInfo.csproj", "{28904B1D-642B-4FA2-9585-0D91F1C155AE}"
EndProject
Project("{8BC9CEB8-8B4A-11D0-8D11-00A0C91BC942}") = "AntLayoutDumper", "Utils\AntLayoutDumper\AntLayoutDumper.vcxproj", "{85A3C857-CA06-4316-BFC5-2C0BCB9BF0D7}"
EndProject
Project("{9A19103F-16F7-4668-BE54-9A1E7A4F7556}") = "AntGenericDataInfo", "Utils\AntGenericDataInfo\AntGenericDataInfo.csproj", "{2C13B391-69F9-4CD9-B8E9-C184AF50BBF1}"
EndProject
Project("{8BC9CEB8-8B4A-11D0-8D11-00A0C91BC942}") = "BuildInfoProxy", "BuildInfoProxy\BuildInfoProxy.vcxproj", "{6F96CFF9-582B-4D68-AD3B-AF7F567840FB}"
EndProject
Project("{FAE04EC0-301F-11D3-BF4B-00C04F79EFBC}") = "GFxTool", "Utils\GFxTool\GFxTool.csproj", "{BE5B94B6-0C51-4F63-8241-2ACEBAFC2136}"
EndProject
Project("{FAE04EC0-301F-11D3-BF4B-00C04F79EFBC}") = "AvalancheHttpBackend", "Utils\AvalancheHttpBackend\AvalancheHttpBackend.csproj", "{E90683C9-1664-4BE6-89B5-07B05E073629}"
EndProject
Project("{FAE04EC0-301F-11D3-BF4B-00C04F79EFBC}") = "InitFsTool", "Utils\InitFsTool\InitFsTool.csproj", "{882A760A-6272-427B-98CA-120A0F40444D}"
EndProject
Project("{FAE04EC0-301F-11D3-BF4B-00C04F79EFBC}") = "RimeLib.Content.Frostbite2013_2", "RimeLib.Content.Frostbite2013_2\RimeLib.Content.Frostbite2013_2.csproj", "{6A3D1518-3484-4CE6-8E10-EE099FDB3F94}"
EndProject
Project("{FAE04EC0-301F-11D3-BF4B-00C04F79EFBC}") = "RimeLib.Content.Frostbite2014_4", "RimeLib.Content.Frostbite2014_4\RimeLib.Content.Frostbite2014_4.csproj", "{BE55CD52-DF0D-4C0F-84A7-25C9F05CE1AE}"
EndProject
Project("{9A19103F-16F7-4668-BE54-9A1E7A4F7556}") = "EbxReferences", "Utils\EbxReferences\EbxReferences.csproj", "{CF6C0DF6-4868-4481-99E2-AE26D9E30C07}"
EndProject
Project("{2150E333-8FDC-42A3-9474-1A3956D46DE8}") = "RimeScripts", "RimeScripts", "{F540066C-3856-471C-8F4A-32E6A6580C59}"
	ProjectSection(SolutionItems) = preProject
		External\RimeScripts\auto_mount_bf3.txt = External\RimeScripts\auto_mount_bf3.txt
		External\RimeScripts\auto_rebuild_xp5_001.txt = External\RimeScripts\auto_rebuild_xp5_001.txt
	EndProjectSection
EndProject
Project("{2150E333-8FDC-42A3-9474-1A3956D46DE8}") = "RimeScripts", "RimeScripts", "{6E4D68D0-49D7-41F7-A7E0-163EF0BEF80A}"
	ProjectSection(SolutionItems) = preProject
		External\RimeScripts\auto_mount_bf3.txt = External\RimeScripts\auto_mount_bf3.txt
		External\RimeScripts\auto_rebuild_xp5_001.txt = External\RimeScripts\auto_rebuild_xp5_001.txt
		External\RimeScripts\level_extract.txt = External\RimeScripts\level_extract.txt
		External\RimeScripts\model_extract.txt = External\RimeScripts\model_extract.txt
	EndProjectSection
EndProject
Project("{FAE04EC0-301F-11D3-BF4B-00C04F79EFBC}") = "EbxExtractor", "Utils\EbxExtractor\EbxExtractor.csproj", "{9926B147-DF72-4350-88FE-945570A9B6A4}"
EndProject
Project("{FAE04EC0-301F-11D3-BF4B-00C04F79EFBC}") = "RimeLib.Serialization.Frostbite2013_2", "RimeLib.Serialization.Frostbite2013_2\RimeLib.Serialization.Frostbite2013_2.csproj", "{96A932A3-C423-496F-8E98-50DBE439CC00}"
EndProject
Project("{FAE04EC0-301F-11D3-BF4B-00C04F79EFBC}") = "RimeLib.Editor", "RimeLib.Editor\RimeLib.Editor.csproj", "{7663FCD8-BC9B-431E-A0D7-4E933282F1A6}"
EndProject
Project("{FAE04EC0-301F-11D3-BF4B-00C04F79EFBC}") = "RimeLib.Toolkit", "RimeLib.Toolkit\RimeLib.Toolkit.csproj", "{56920AB9-2947-4A01-A77A-C3BB45DDFB1B}"
EndProject
Project("{FAE04EC0-301F-11D3-BF4B-00C04F79EFBC}") = "RimeLib.Toolkit.Frostbite2_0", "RimeLib.Toolkit.Frostbite2_0\RimeLib.Toolkit.Frostbite2_0.csproj", "{D0AA280E-0B8D-4C78-B98D-7B9CCF0D4DCF}"
EndProject
Project("{FAE04EC0-301F-11D3-BF4B-00C04F79EFBC}") = "RimeLib.Mesh.Frostbite2013_2", "RimeLib.Mesh.Frostbite2013_2\RimeLib.Mesh.Frostbite2013_2.csproj", "{EC6F9C23-49CC-4D60-AF58-90E748A0DB35}"
EndProject
Global
	GlobalSection(SolutionConfigurationPlatforms) = preSolution
		Debug|Any CPU = Debug|Any CPU
		Release|Any CPU = Release|Any CPU
	EndGlobalSection
	GlobalSection(ProjectConfigurationPlatforms) = postSolution
		{8C508EE5-C3B7-41BD-B6F1-1F731950F130}.Debug|Any CPU.ActiveCfg = Debug|Any CPU
		{8C508EE5-C3B7-41BD-B6F1-1F731950F130}.Debug|Any CPU.Build.0 = Debug|Any CPU
		{CFE9A65F-DF7C-4E2C-978A-2B685ADFD304}.Debug|Any CPU.ActiveCfg = Release|Any CPU
		{CFE9A65F-DF7C-4E2C-978A-2B685ADFD304}.Debug|Any CPU.Build.0 = Release|Any CPU
		{004E5A54-FD9E-4CE8-9D84-D05AD0876BBE}.Debug|Any CPU.ActiveCfg = Debug|Any CPU
		{004E5A54-FD9E-4CE8-9D84-D05AD0876BBE}.Debug|Any CPU.Build.0 = Debug|Any CPU
		{004E5A54-FD9E-4CE8-9D84-D05AD0876BBE}.Release|Any CPU.ActiveCfg = Release|Any CPU
		{004E5A54-FD9E-4CE8-9D84-D05AD0876BBE}.Release|Any CPU.Build.0 = Release|Any CPU
		{72AD08F6-5429-463A-9EF9-53912469BDBE}.Debug|Any CPU.ActiveCfg = Debug|x64
		{72AD08F6-5429-463A-9EF9-53912469BDBE}.Debug|Any CPU.Build.0 = Debug|x64
		{72AD08F6-5429-463A-9EF9-53912469BDBE}.Release|Any CPU.ActiveCfg = Release|x64
		{72AD08F6-5429-463A-9EF9-53912469BDBE}.Release|Any CPU.Build.0 = Release|x64
		{9AE9BBB1-7806-4B91-AE85-4EA1FF14AFF3}.Debug|Any CPU.ActiveCfg = Debug|Any CPU
		{9AE9BBB1-7806-4B91-AE85-4EA1FF14AFF3}.Debug|Any CPU.Build.0 = Debug|Any CPU
		{9AE9BBB1-7806-4B91-AE85-4EA1FF14AFF3}.Release|Any CPU.ActiveCfg = Release|Any CPU
		{9AE9BBB1-7806-4B91-AE85-4EA1FF14AFF3}.Release|Any CPU.Build.0 = Release|Any CPU
		{77A9BD12-4F63-452F-B5C5-550CD9E127E2}.Release|Any CPU.ActiveCfg = Release|Any CPU
		{77A9BD12-4F63-452F-B5C5-550CD9E127E2}.Release|Any CPU.Build.0 = Release|Any CPU
		{77A9BD12-4F63-452F-B5C5-550CD9E127E2}.Debug|Any CPU.ActiveCfg = Debug|Any CPU
		{77A9BD12-4F63-452F-B5C5-550CD9E127E2}.Debug|Any CPU.Build.0 = Debug|Any CPU
		{7F6354E3-B6B1-4689-A0AB-727C3E4F68FE}.Release|Any CPU.ActiveCfg = Release|Any CPU
		{7F6354E3-B6B1-4689-A0AB-727C3E4F68FE}.Release|Any CPU.Build.0 = Release|Any CPU
		{7F6354E3-B6B1-4689-A0AB-727C3E4F68FE}.Debug|Any CPU.ActiveCfg = Debug|Any CPU
		{7F6354E3-B6B1-4689-A0AB-727C3E4F68FE}.Debug|Any CPU.Build.0 = Debug|Any CPU
		{C262DE1D-DA32-4FD4-B032-EEE76A6625C0}.Release|Any CPU.ActiveCfg = Release|Any CPU
		{C262DE1D-DA32-4FD4-B032-EEE76A6625C0}.Release|Any CPU.Build.0 = Release|Any CPU
		{C262DE1D-DA32-4FD4-B032-EEE76A6625C0}.Debug|Any CPU.ActiveCfg = Debug|Any CPU
		{C262DE1D-DA32-4FD4-B032-EEE76A6625C0}.Debug|Any CPU.Build.0 = Debug|Any CPU
		{1C204D03-F248-42F5-B01E-F8B649549870}.Release|Any CPU.ActiveCfg = Release|Any CPU
		{1C204D03-F248-42F5-B01E-F8B649549870}.Release|Any CPU.Build.0 = Release|Any CPU
		{1C204D03-F248-42F5-B01E-F8B649549870}.Debug|Any CPU.ActiveCfg = Debug|Any CPU
		{1C204D03-F248-42F5-B01E-F8B649549870}.Debug|Any CPU.Build.0 = Debug|Any CPU
		{85A3C857-CA06-4316-BFC5-2C0BCB9BF0D7}.Debug|Any CPU.ActiveCfg = Debug|Win32
		{85A3C857-CA06-4316-BFC5-2C0BCB9BF0D7}.Debug|Any CPU.Build.0 = Debug|Win32
		{85A3C857-CA06-4316-BFC5-2C0BCB9BF0D7}.Release|Any CPU.ActiveCfg = Release|Win32
		{85A3C857-CA06-4316-BFC5-2C0BCB9BF0D7}.Release|Any CPU.Build.0 = Release|Win32
		{BE5B94B6-0C51-4F63-8241-2ACEBAFC2136}.Debug|Any CPU.ActiveCfg = Debug|Any CPU
		{BE5B94B6-0C51-4F63-8241-2ACEBAFC2136}.Debug|Any CPU.Build.0 = Debug|Any CPU
		{BE5B94B6-0C51-4F63-8241-2ACEBAFC2136}.Release|Any CPU.ActiveCfg = Release|Any CPU
		{BE5B94B6-0C51-4F63-8241-2ACEBAFC2136}.Release|Any CPU.Build.0 = Release|Any CPU
		{E90683C9-1664-4BE6-89B5-07B05E073629}.Debug|Any CPU.ActiveCfg = Debug|Any CPU
		{E90683C9-1664-4BE6-89B5-07B05E073629}.Debug|Any CPU.Build.0 = Debug|Any CPU
		{E90683C9-1664-4BE6-89B5-07B05E073629}.Release|Any CPU.ActiveCfg = Release|Any CPU
		{E90683C9-1664-4BE6-89B5-07B05E073629}.Release|Any CPU.Build.0 = Release|Any CPU
		{882A760A-6272-427B-98CA-120A0F40444D}.Debug|Any CPU.ActiveCfg = Debug|Any CPU
		{882A760A-6272-427B-98CA-120A0F40444D}.Debug|Any CPU.Build.0 = Debug|Any CPU
		{882A760A-6272-427B-98CA-120A0F40444D}.Release|Any CPU.ActiveCfg = Release|Any CPU
		{882A760A-6272-427B-98CA-120A0F40444D}.Release|Any CPU.Build.0 = Release|Any CPU
		{6A3D1518-3484-4CE6-8E10-EE099FDB3F94}.Debug|Any CPU.ActiveCfg = Debug|Any CPU
		{6A3D1518-3484-4CE6-8E10-EE099FDB3F94}.Debug|Any CPU.Build.0 = Debug|Any CPU
		{6A3D1518-3484-4CE6-8E10-EE099FDB3F94}.Release|Any CPU.ActiveCfg = Release|Any CPU
		{6A3D1518-3484-4CE6-8E10-EE099FDB3F94}.Release|Any CPU.Build.0 = Release|Any CPU
		{BE55CD52-DF0D-4C0F-84A7-25C9F05CE1AE}.Debug|Any CPU.ActiveCfg = Debug|Any CPU
		{BE55CD52-DF0D-4C0F-84A7-25C9F05CE1AE}.Debug|Any CPU.Build.0 = Debug|Any CPU
		{BE55CD52-DF0D-4C0F-84A7-25C9F05CE1AE}.Release|Any CPU.ActiveCfg = Release|Any CPU
		{BE55CD52-DF0D-4C0F-84A7-25C9F05CE1AE}.Release|Any CPU.Build.0 = Release|Any CPU
		{CF6C0DF6-4868-4481-99E2-AE26D9E30C07}.Debug|Any CPU.ActiveCfg = Debug|Any CPU
		{CF6C0DF6-4868-4481-99E2-AE26D9E30C07}.Debug|Any CPU.Build.0 = Debug|Any CPU
		{CF6C0DF6-4868-4481-99E2-AE26D9E30C07}.Release|Any CPU.ActiveCfg = Release|Any CPU
		{CF6C0DF6-4868-4481-99E2-AE26D9E30C07}.Release|Any CPU.Build.0 = Release|Any CPU
		{9926B147-DF72-4350-88FE-945570A9B6A4}.Debug|Any CPU.ActiveCfg = Debug|Any CPU
		{9926B147-DF72-4350-88FE-945570A9B6A4}.Debug|Any CPU.Build.0 = Debug|Any CPU
		{9926B147-DF72-4350-88FE-945570A9B6A4}.Release|Any CPU.ActiveCfg = Release|Any CPU
		{9926B147-DF72-4350-88FE-945570A9B6A4}.Release|Any CPU.Build.0 = Release|Any CPU
		{96A932A3-C423-496F-8E98-50DBE439CC00}.Debug|Any CPU.ActiveCfg = Debug|Any CPU
		{96A932A3-C423-496F-8E98-50DBE439CC00}.Debug|Any CPU.Build.0 = Debug|Any CPU
		{96A932A3-C423-496F-8E98-50DBE439CC00}.Release|Any CPU.ActiveCfg = Release|Any CPU
		{96A932A3-C423-496F-8E98-50DBE439CC00}.Release|Any CPU.Build.0 = Release|Any CPU
		{7663FCD8-BC9B-431E-A0D7-4E933282F1A6}.Debug|Any CPU.ActiveCfg = Debug|Any CPU
		{7663FCD8-BC9B-431E-A0D7-4E933282F1A6}.Debug|Any CPU.Build.0 = Debug|Any CPU
		{EC6F9C23-49CC-4D60-AF58-90E748A0DB35}.Debug|Any CPU.ActiveCfg = Debug|Any CPU
		{EC6F9C23-49CC-4D60-AF58-90E748A0DB35}.Debug|Any CPU.Build.0 = Debug|Any CPU
		{56920AB9-2947-4A01-A77A-C3BB45DDFB1B}.Debug|Any CPU.ActiveCfg = Debug|Any CPU
		{56920AB9-2947-4A01-A77A-C3BB45DDFB1B}.Debug|Any CPU.Build.0 = Debug|Any CPU
		{D0AA280E-0B8D-4C78-B98D-7B9CCF0D4DCF}.Debug|Any CPU.ActiveCfg = Debug|Any CPU
		{D0AA280E-0B8D-4C78-B98D-7B9CCF0D4DCF}.Debug|Any CPU.Build.0 = Debug|Any CPU
		{2C13B391-69F9-4CD9-B8E9-C184AF50BBF1}.Debug|Any CPU.ActiveCfg = Debug|Any CPU
		{2C13B391-69F9-4CD9-B8E9-C184AF50BBF1}.Debug|Any CPU.Build.0 = Debug|Any CPU
		{6C00EAF2-CD94-40B2-B60E-B2E921C36F16}.Debug|Any CPU.ActiveCfg = Debug|Any CPU
		{6C00EAF2-CD94-40B2-B60E-B2E921C36F16}.Debug|Any CPU.Build.0 = Debug|Any CPU
		{5686AEEE-E8E7-4AC8-8B86-80485F90D69A}.Debug|Any CPU.ActiveCfg = Debug|Any CPU
		{5686AEEE-E8E7-4AC8-8B86-80485F90D69A}.Debug|Any CPU.Build.0 = Debug|Any CPU
		{0FA1472E-B14C-4675-B770-F386F952E746}.Debug|Any CPU.ActiveCfg = Debug|Any CPU
		{0FA1472E-B14C-4675-B770-F386F952E746}.Debug|Any CPU.Build.0 = Debug|Any CPU
		{BF6CA921-D80D-4A1E-B1E8-1C88ACA073B0}.Debug|Any CPU.ActiveCfg = Debug|Any CPU
		{BF6CA921-D80D-4A1E-B1E8-1C88ACA073B0}.Debug|Any CPU.Build.0 = Debug|Any CPU
		{F474AA17-2758-41BE-8AC1-90F3ED2880AC}.Debug|Any CPU.ActiveCfg = Debug|Any CPU
		{F474AA17-2758-41BE-8AC1-90F3ED2880AC}.Debug|Any CPU.Build.0 = Debug|Any CPU
		{7ECC05E2-9F9C-44A2-8648-5306FA72670D}.Debug|Any CPU.ActiveCfg = Debug|Any CPU
		{7ECC05E2-9F9C-44A2-8648-5306FA72670D}.Debug|Any CPU.Build.0 = Debug|Any CPU
		{2F3DB5DC-0F2D-4729-AB49-805CA1612B75}.Debug|Any CPU.ActiveCfg = Debug|Any CPU
		{2F3DB5DC-0F2D-4729-AB49-805CA1612B75}.Debug|Any CPU.Build.0 = Debug|Any CPU
		{073FD311-02CA-4F15-BE36-20682C2C818E}.Debug|Any CPU.ActiveCfg = Debug|Any CPU
		{073FD311-02CA-4F15-BE36-20682C2C818E}.Debug|Any CPU.Build.0 = Debug|Any CPU
		{DF1C5A8D-CC8E-4202-B730-90A5EA0C5D64}.Debug|Any CPU.ActiveCfg = Debug|Any CPU
		{DF1C5A8D-CC8E-4202-B730-90A5EA0C5D64}.Debug|Any CPU.Build.0 = Debug|Any CPU
		{2DEA01DE-F865-4151-B4BF-1197F14F48C5}.Debug|Any CPU.ActiveCfg = Debug|Any CPU
		{2DEA01DE-F865-4151-B4BF-1197F14F48C5}.Debug|Any CPU.Build.0 = Debug|Any CPU
		{D8E0673D-5AC8-406E-8540-1C4AD08F8E5A}.Debug|Any CPU.ActiveCfg = Debug|Any CPU
		{D8E0673D-5AC8-406E-8540-1C4AD08F8E5A}.Debug|Any CPU.Build.0 = Debug|Any CPU
		{F77060AC-0B35-4126-AF64-602C572E375E}.Debug|Any CPU.ActiveCfg = Debug|Any CPU
		{F77060AC-0B35-4126-AF64-602C572E375E}.Debug|Any CPU.Build.0 = Debug|Any CPU
		{C915B4F0-D809-4C29-B115-D519EA1F60BC}.Debug|Any CPU.ActiveCfg = Debug|Any CPU
		{C915B4F0-D809-4C29-B115-D519EA1F60BC}.Debug|Any CPU.Build.0 = Debug|Any CPU
		{FD5BE3AE-2E18-4522-8CAF-2916CBF217F3}.Debug|Any CPU.ActiveCfg = Debug|Any CPU
		{FD5BE3AE-2E18-4522-8CAF-2916CBF217F3}.Debug|Any CPU.Build.0 = Debug|Any CPU
		{FC370BDF-3E2D-4421-B8B6-185062AD2B50}.Debug|Any CPU.ActiveCfg = Debug|Any CPU
		{FC370BDF-3E2D-4421-B8B6-185062AD2B50}.Debug|Any CPU.Build.0 = Debug|Any CPU
		{D17B9F4C-3664-4947-808A-0E57AC5A9339}.Debug|Any CPU.ActiveCfg = Debug|Any CPU
		{D17B9F4C-3664-4947-808A-0E57AC5A9339}.Debug|Any CPU.Build.0 = Debug|Any CPU
		{17A0AD07-E18D-4CD2-97B9-4A77E1958BEF}.Debug|Any CPU.ActiveCfg = Debug|Any CPU
		{17A0AD07-E18D-4CD2-97B9-4A77E1958BEF}.Debug|Any CPU.Build.0 = Debug|Any CPU
		{03D9E45E-622D-4B89-9C3C-7FBE41199779}.Debug|Any CPU.ActiveCfg = Debug|Any CPU
		{03D9E45E-622D-4B89-9C3C-7FBE41199779}.Debug|Any CPU.Build.0 = Debug|Any CPU
		{185B27FF-F9A8-4882-A984-08CC4397E60A}.Debug|Any CPU.ActiveCfg = Debug|Any CPU
		{185B27FF-F9A8-4882-A984-08CC4397E60A}.Debug|Any CPU.Build.0 = Debug|Any CPU
		{A06C7A0E-7306-4A88-9AC9-D14BF39C6BA5}.Debug|Any CPU.ActiveCfg = Debug|Any CPU
		{A06C7A0E-7306-4A88-9AC9-D14BF39C6BA5}.Debug|Any CPU.Build.0 = Debug|Any CPU
		{47AAF1D6-E1D2-4924-8E61-956E9F60751D}.Debug|Any CPU.ActiveCfg = Debug|Any CPU
		{47AAF1D6-E1D2-4924-8E61-956E9F60751D}.Debug|Any CPU.Build.0 = Debug|Any CPU
		{4D596497-B3A1-4143-BE4B-D3D9DE3AF340}.Debug|Any CPU.ActiveCfg = Debug|Any CPU
		{4D596497-B3A1-4143-BE4B-D3D9DE3AF340}.Debug|Any CPU.Build.0 = Debug|Any CPU
		{A0B4C70A-C749-4FF4-BC90-381820A80685}.Debug|Any CPU.ActiveCfg = Debug|Any CPU
		{A0B4C70A-C749-4FF4-BC90-381820A80685}.Debug|Any CPU.Build.0 = Debug|Any CPU
		{8C398ED5-0C36-483D-951A-025A32D81437}.Debug|Any CPU.ActiveCfg = Debug|Any CPU
		{8C398ED5-0C36-483D-951A-025A32D81437}.Debug|Any CPU.Build.0 = Debug|Any CPU
		{52F62CE8-2F07-4482-A89E-22957CE4D94E}.Debug|Any CPU.ActiveCfg = Debug|Any CPU
		{52F62CE8-2F07-4482-A89E-22957CE4D94E}.Debug|Any CPU.Build.0 = Debug|Any CPU
		{5CEB7783-5DED-4515-B1E3-CA076F70D9C7}.Debug|Any CPU.ActiveCfg = Debug|Any CPU
		{5CEB7783-5DED-4515-B1E3-CA076F70D9C7}.Debug|Any CPU.Build.0 = Debug|Any CPU
		{4C2C1C61-6FD4-47A4-8C2D-D934FF3122F3}.Debug|Any CPU.ActiveCfg = Debug|Any CPU
		{4C2C1C61-6FD4-47A4-8C2D-D934FF3122F3}.Debug|Any CPU.Build.0 = Debug|Any CPU
		{425A4256-28A7-4A4D-A536-09A7FDEBB73D}.Debug|Any CPU.ActiveCfg = Debug|Any CPU
		{425A4256-28A7-4A4D-A536-09A7FDEBB73D}.Debug|Any CPU.Build.0 = Debug|Any CPU
		{2853FEF7-3B3A-4581-8F0A-32F8A854097A}.Debug|Any CPU.ActiveCfg = Debug|Any CPU
		{2853FEF7-3B3A-4581-8F0A-32F8A854097A}.Debug|Any CPU.Build.0 = Debug|Any CPU
		{ABE866C9-682D-4A14-B800-24EA33B33AC1}.Debug|Any CPU.ActiveCfg = Debug|Any CPU
		{ABE866C9-682D-4A14-B800-24EA33B33AC1}.Debug|Any CPU.Build.0 = Debug|Any CPU
		{E986DA08-C00F-4C67-9F7A-CBAC0812C6D0}.Debug|Any CPU.ActiveCfg = Debug|Any CPU
		{E986DA08-C00F-4C67-9F7A-CBAC0812C6D0}.Debug|Any CPU.Build.0 = Debug|Any CPU
		{28904B1D-642B-4FA2-9585-0D91F1C155AE}.Debug|Any CPU.ActiveCfg = Debug|Any CPU
		{28904B1D-642B-4FA2-9585-0D91F1C155AE}.Debug|Any CPU.Build.0 = Debug|Any CPU
	EndGlobalSection
	GlobalSection(SolutionProperties) = preSolution
		HideSolutionNode = FALSE
	EndGlobalSection
	GlobalSection(NestedProjects) = preSolution
		{5686AEEE-E8E7-4AC8-8B86-80485F90D69A} = {42E38905-976C-4506-98AE-DC35CA1A9925}
		{0FA1472E-B14C-4675-B770-F386F952E746} = {42E38905-976C-4506-98AE-DC35CA1A9925}
		{E986DA08-C00F-4C67-9F7A-CBAC0812C6D0} = {42E38905-976C-4506-98AE-DC35CA1A9925}
		{425A4256-28A7-4A4D-A536-09A7FDEBB73D} = {42E38905-976C-4506-98AE-DC35CA1A9925}
		{7ECC05E2-9F9C-44A2-8648-5306FA72670D} = {42E38905-976C-4506-98AE-DC35CA1A9925}
		{6C00EAF2-CD94-40B2-B60E-B2E921C36F16} = {42E38905-976C-4506-98AE-DC35CA1A9925}
		{2F3DB5DC-0F2D-4729-AB49-805CA1612B75} = {42E38905-976C-4506-98AE-DC35CA1A9925}
		{BF6CA921-D80D-4A1E-B1E8-1C88ACA073B0} = {42E38905-976C-4506-98AE-DC35CA1A9925}
		{2853FEF7-3B3A-4581-8F0A-32F8A854097A} = {42E38905-976C-4506-98AE-DC35CA1A9925}
		{ABE866C9-682D-4A14-B800-24EA33B33AC1} = {42E38905-976C-4506-98AE-DC35CA1A9925}
		{1619AE0A-B038-4E4C-B486-C092697CD870} = {3F11DB22-14A7-40F2-9570-72D540C671C7}
		{004E5A54-FD9E-4CE8-9D84-D05AD0876BBE} = {1619AE0A-B038-4E4C-B486-C092697CD870}
		{72AD08F6-5429-463A-9EF9-53912469BDBE} = {1619AE0A-B038-4E4C-B486-C092697CD870}
		{9AE9BBB1-7806-4B91-AE85-4EA1FF14AFF3} = {1619AE0A-B038-4E4C-B486-C092697CD870}
		{F474AA17-2758-41BE-8AC1-90F3ED2880AC} = {42E38905-976C-4506-98AE-DC35CA1A9925}
		{28904B1D-642B-4FA2-9585-0D91F1C155AE} = {42E38905-976C-4506-98AE-DC35CA1A9925}
		{85A3C857-CA06-4316-BFC5-2C0BCB9BF0D7} = {42E38905-976C-4506-98AE-DC35CA1A9925}
		{2C13B391-69F9-4CD9-B8E9-C184AF50BBF1} = {42E38905-976C-4506-98AE-DC35CA1A9925}
		{6F96CFF9-582B-4D68-AD3B-AF7F567840FB} = {42E38905-976C-4506-98AE-DC35CA1A9925}
		{BE5B94B6-0C51-4F63-8241-2ACEBAFC2136} = {42E38905-976C-4506-98AE-DC35CA1A9925}
		{E90683C9-1664-4BE6-89B5-07B05E073629} = {42E38905-976C-4506-98AE-DC35CA1A9925}
		{882A760A-6272-427B-98CA-120A0F40444D} = {42E38905-976C-4506-98AE-DC35CA1A9925}
		{CF6C0DF6-4868-4481-99E2-AE26D9E30C07} = {42E38905-976C-4506-98AE-DC35CA1A9925}
		{F540066C-3856-471C-8F4A-32E6A6580C59} = {3F11DB22-14A7-40F2-9570-72D540C671C7}
		{4A934F06-DB94-4E20-9D64-4E24BECAB9D7} = {3F11DB22-14A7-40F2-9570-72D540C671C7}
		{6BEE0DFF-986E-40D3-AAA8-186521BA1FD5} = {3F11DB22-14A7-40F2-9570-72D540C671C7}
		{7EA8B460-DAD1-4A55-958C-8C24613A06F0} = {42E38905-976C-4506-98AE-DC35CA1A9925}
		{9926B147-DF72-4350-88FE-945570A9B6A4} = {42E38905-976C-4506-98AE-DC35CA1A9925}
	EndGlobalSection
	GlobalSection(ExtensibilityGlobals) = postSolution
		SolutionGuid = {9D2A4DE6-648D-4971-AC81-A89F21154CD0}
	EndGlobalSection
EndGlobal
